<Solution>
  <Project Path="EasyWindowsApplication.Generators/EasyWindowsApplication.Generators.csproj" />
  <Project Path="EasyWindowsApplication/EasyWindowsApplication.csproj" />
  <Project Path="ProjectTemplates/EasyWinApp/EasyWinApp.csproj" />
  <Project Path="Sample/Sample.csproj" Id="4dac254b-bfa0-40e9-a86a-4d3acbb5b569" />
</Solution>
